// !$*UTF8*$!
{
	archiveVersion = 1;
	classes = {
	};
	objectVersion = 56;
	objects = {

/* Begin PBXBuildFile section */
		219884BC2A74EEBF004A5643 /* gymtracker Watch App.app in Embed Watch Content */ = {isa = PBXBuildFile; fileRef = 219884BB2A74EEBF004A5643 /* gymtracker Watch App.app */; settings = {ATTRIBUTES = (RemoveHeadersOnCopy, ); }; };
		219884C12A74EEBF004A5643 /* gymtrackerApp.swift in Sources */ = {isa = PBXBuildFile; fileRef = 219884C02A74EEBF004A5643 /* gymtrackerApp.swift */; };
		219884C32A74EEBF004A5643 /* ContentView.swift in Sources */ = {isa = PBXBuildFile; fileRef = 219884C22A74EEBF004A5643 /* ContentView.swift */; };
		219884C52A74EEC1004A5643 /* Assets.xcassets in Resources */ = {isa = PBXBuildFile; fileRef = 219884C42A74EEC1004A5643 /* Assets.xcassets */; };
		219884C82A74EEC1004A5643 /* Preview Assets.xcassets in Resources */ = {isa = PBXBuildFile; fileRef = 219884C72A74EEC1004A5643 /* Preview Assets.xcassets */; };
		219884D22A74EEC1004A5643 /* gymtracker_Watch_AppTests.swift in Sources */ = {isa = PBXBuildFile; fileRef = 219884D12A74EEC1004A5643 /* gymtracker_Watch_AppTests.swift */; };
		219884DC2A74EEC1004A5643 /* gymtracker_Watch_AppUITests.swift in Sources */ = {isa = PBXBuildFile; fileRef = 219884DB2A74EEC1004A5643 /* gymtracker_Watch_AppUITests.swift */; };
		219884DE2A74EEC1004A5643 /* gymtracker_Watch_AppUITestsLaunchTests.swift in Sources */ = {isa = PBXBuildFile; fileRef = 219884DD2A74EEC1004A5643 /* gymtracker_Watch_AppUITestsLaunchTests.swift */; };
		219884F22A77D6A8004A5643 /* Note.swift in Sources */ = {isa = PBXBuildFile; fileRef = 219884F12A77D6A8004A5643 /* Note.swift */; };
/* End PBXBuildFile section */

/* Begin PBXContainerItemProxy section */
		219884BD2A74EEBF004A5643 /* PBXContainerItemProxy */ = {
			isa = PBXContainerItemProxy;
			containerPortal = 219884AF2A74EEBF004A5643 /* Project object */;
			proxyType = 1;
			remoteGlobalIDString = 219884BA2A74EEBF004A5643;
			remoteInfo = "gymtracker Watch App";
		};
		219884CE2A74EEC1004A5643 /* PBXContainerItemProxy */ = {
			isa = PBXContainerItemProxy;
			containerPortal = 219884AF2A74EEBF004A5643 /* Project object */;
			proxyType = 1;
			remoteGlobalIDString = 219884BA2A74EEBF004A5643;
			remoteInfo = "gymtracker Watch App";
		};
		219884D82A74EEC1004A5643 /* PBXContainerItemProxy */ = {
			isa = PBXContainerItemProxy;
			containerPortal = 219884AF2A74EEBF004A5643 /* Project object */;
			proxyType = 1;
			remoteGlobalIDString = 219884BA2A74EEBF004A5643;
			remoteInfo = "gymtracker Watch App";
		};
/* End PBXContainerItemProxy section */

/* Begin PBXCopyFilesBuildPhase section */
		219884E42A74EEC1004A5643 /* Embed Watch Content */ = {
			isa = PBXCopyFilesBuildPhase;
			buildActionMask = 2147483647;
			dstPath = "$(CONTENTS_FOLDER_PATH)/Watch";
			dstSubfolderSpec = 16;
			files = (
				219884BC2A74EEBF004A5643 /* gymtracker Watch App.app in Embed Watch Content */,
			);
			name = "Embed Watch Content";
			runOnlyForDeploymentPostprocessing = 0;
		};
/* End PBXCopyFilesBuildPhase section */

/* Begin PBXFileReference section */
		219884B52A74EEBF004A5643 /* gymtracker.app */ = {isa = PBXFileReference; explicitFileType = wrapper.application; includeInIndex = 0; path = gymtracker.app; sourceTree = BUILT_PRODUCTS_DIR; };
		219884BB2A74EEBF004A5643 /* gymtracker Watch App.app */ = {isa = PBXFileReference; explicitFileType = wrapper.application; includeInIndex = 0; path = "gymtracker Watch App.app"; sourceTree = BUILT_PRODUCTS_DIR; };
		219884C02A74EEBF004A5643 /* gymtrackerApp.swift */ = {isa = PBXFileReference; lastKnownFileType = sourcecode.swift; path = gymtrackerApp.swift; sourceTree = "<group>"; };
		219884C22A74EEBF004A5643 /* ContentView.swift */ = {isa = PBXFileReference; lastKnownFileType = sourcecode.swift; path = ContentView.swift; sourceTree = "<group>"; };
		219884C42A74EEC1004A5643 /* Assets.xcassets */ = {isa = PBXFileReference; lastKnownFileType = folder.assetcatalog; path = Assets.xcassets; sourceTree = "<group>"; };
		219884C72A74EEC1004A5643 /* Preview Assets.xcassets */ = {isa = PBXFileReference; lastKnownFileType = folder.assetcatalog; path = "Preview Assets.xcassets"; sourceTree = "<group>"; };
		219884CD2A74EEC1004A5643 /* gymtracker Watch AppTests.xctest */ = {isa = PBXFileReference; explicitFileType = wrapper.cfbundle; includeInIndex = 0; path = "gymtracker Watch AppTests.xctest"; sourceTree = BUILT_PRODUCTS_DIR; };
		219884D12A74EEC1004A5643 /* gymtracker_Watch_AppTests.swift */ = {isa = PBXFileReference; lastKnownFileType = sourcecode.swift; path = gymtracker_Watch_AppTests.swift; sourceTree = "<group>"; };
		219884D72A74EEC1004A5643 /* gymtracker Watch AppUITests.xctest */ = {isa = PBXFileReference; explicitFileType = wrapper.cfbundle; includeInIndex = 0; path = "gymtracker Watch AppUITests.xctest"; sourceTree = BUILT_PRODUCTS_DIR; };
		219884DB2A74EEC1004A5643 /* gymtracker_Watch_AppUITests.swift */ = {isa = PBXFileReference; lastKnownFileType = sourcecode.swift; path = gymtracker_Watch_AppUITests.swift; sourceTree = "<group>"; };
		219884DD2A74EEC1004A5643 /* gymtracker_Watch_AppUITestsLaunchTests.swift */ = {isa = PBXFileReference; lastKnownFileType = sourcecode.swift; path = gymtracker_Watch_AppUITestsLaunchTests.swift; sourceTree = "<group>"; };
		219884F12A77D6A8004A5643 /* Note.swift */ = {isa = PBXFileReference; lastKnownFileType = sourcecode.swift; path = Note.swift; sourceTree = "<group>"; };
/* End PBXFileReference section */

/* Begin PBXFrameworksBuildPhase section */
		219884B82A74EEBF004A5643 /* Frameworks */ = {
			isa = PBXFrameworksBuildPhase;
			buildActionMask = 2147483647;
			files = (
			);
			runOnlyForDeploymentPostprocessing = 0;
		};
		219884CA2A74EEC1004A5643 /* Frameworks */ = {
			isa = PBXFrameworksBuildPhase;
			buildActionMask = 2147483647;
			files = (
			);
			runOnlyForDeploymentPostprocessing = 0;
		};
		219884D42A74EEC1004A5643 /* Frameworks */ = {
			isa = PBXFrameworksBuildPhase;
			buildActionMask = 2147483647;
			files = (
			);
			runOnlyForDeploymentPostprocessing = 0;
		};
/* End PBXFrameworksBuildPhase section */

/* Begin PBXGroup section */
		219884AE2A74EEBF004A5643 = {
			isa = PBXGroup;
			children = (
				219884BF2A74EEBF004A5643 /* gymtracker Watch App */,
				219884D02A74EEC1004A5643 /* gymtracker Watch AppTests */,
				219884DA2A74EEC1004A5643 /* gymtracker Watch AppUITests */,
				219884B62A74EEBF004A5643 /* Products */,
			);
			sourceTree = "<group>";
		};
		219884B62A74EEBF004A5643 /* Products */ = {
			isa = PBXGroup;
			children = (
				219884B52A74EEBF004A5643 /* gymtracker.app */,
				219884BB2A74EEBF004A5643 /* gymtracker Watch App.app */,
				219884CD2A74EEC1004A5643 /* gymtracker Watch AppTests.xctest */,
				219884D72A74EEC1004A5643 /* gymtracker Watch AppUITests.xctest */,
			);
			name = Products;
			sourceTree = "<group>";
		};
		219884BF2A74EEBF004A5643 /* gymtracker Watch App */ = {
			isa = PBXGroup;
			children = (
				219884F02A77D68A004A5643 /* Model */,
				219884C02A74EEBF004A5643 /* gymtrackerApp.swift */,
				219884C22A74EEBF004A5643 /* ContentView.swift */,
				219884C42A74EEC1004A5643 /* Assets.xcassets */,
				219884C62A74EEC1004A5643 /* Preview Content */,
			);
			path = "gymtracker Watch App";
			sourceTree = "<group>";
		};
		219884C62A74EEC1004A5643 /* Preview Content */ = {
			isa = PBXGroup;
			children = (
				219884C72A74EEC1004A5643 /* Preview Assets.xcassets */,
			);
			path = "Preview Content";
			sourceTree = "<group>";
		};
		219884D02A74EEC1004A5643 /* gymtracker Watch AppTests */ = {
			isa = PBXGroup;
			children = (
				219884D12A74EEC1004A5643 /* gymtracker_Watch_AppTests.swift */,
			);
			path = "gymtracker Watch AppTests";
			sourceTree = "<group>";
		};
		219884DA2A74EEC1004A5643 /* gymtracker Watch AppUITests */ = {
			isa = PBXGroup;
			children = (
				219884DB2A74EEC1004A5643 /* gymtracker_Watch_AppUITests.swift */,
				219884DD2A74EEC1004A5643 /* gymtracker_Watch_AppUITestsLaunchTests.swift */,
			);
			path = "gymtracker Watch AppUITests";
			sourceTree = "<group>";
		};
		219884F02A77D68A004A5643 /* Model */ = {
			isa = PBXGroup;
			children = (
				219884F12A77D6A8004A5643 /* Note.swift */,
			);
			path = Model;
			sourceTree = "<group>";
		};
/* End PBXGroup section */

/* Begin PBXNativeTarget section */
		219884B42A74EEBF004A5643 /* gymtracker */ = {
			isa = PBXNativeTarget;
			buildConfigurationList = 219884E52A74EEC1004A5643 /* Build configuration list for PBXNativeTarget "gymtracker" */;
			buildPhases = (
				219884B32A74EEBF004A5643 /* Resources */,
				219884E42A74EEC1004A5643 /* Embed Watch Content */,
			);
			buildRules = (
			);
			dependencies = (
				219884BE2A74EEBF004A5643 /* PBXTargetDependency */,
			);
			name = gymtracker;
			productName = gymtracker;
			productReference = 219884B52A74EEBF004A5643 /* gymtracker.app */;
			productType = "com.apple.product-type.application.watchapp2-container";
		};
		219884BA2A74EEBF004A5643 /* gymtracker Watch App */ = {
			isa = PBXNativeTarget;
			buildConfigurationList = 219884E12A74EEC1004A5643 /* Build configuration list for PBXNativeTarget "gymtracker Watch App" */;
			buildPhases = (
				219884B72A74EEBF004A5643 /* Sources */,
				219884B82A74EEBF004A5643 /* Frameworks */,
				219884B92A74EEBF004A5643 /* Resources */,
			);
			buildRules = (
			);
			dependencies = (
			);
			name = "gymtracker Watch App";
			productName = "gymtracker Watch App";
			productReference = 219884BB2A74EEBF004A5643 /* gymtracker Watch App.app */;
			productType = "com.apple.product-type.application";
		};
		219884CC2A74EEC1004A5643 /* gymtracker Watch AppTests */ = {
			isa = PBXNativeTarget;
			buildConfigurationList = 219884E82A74EEC1004A5643 /* Build configuration list for PBXNativeTarget "gymtracker Watch AppTests" */;
			buildPhases = (
				219884C92A74EEC1004A5643 /* Sources */,
				219884CA2A74EEC1004A5643 /* Frameworks */,
				219884CB2A74EEC1004A5643 /* Resources */,
			);
			buildRules = (
			);
			dependencies = (
				219884CF2A74EEC1004A5643 /* PBXTargetDependency */,
			);
			name = "gymtracker Watch AppTests";
			productName = "gymtracker Watch AppTests";
			productReference = 219884CD2A74EEC1004A5643 /* gymtracker Watch AppTests.xctest */;
			productType = "com.apple.product-type.bundle.unit-test";
		};
		219884D62A74EEC1004A5643 /* gymtracker Watch AppUITests */ = {
			isa = PBXNativeTarget;
			buildConfigurationList = 219884EB2A74EEC1004A5643 /* Build configuration list for PBXNativeTarget "gymtracker Watch AppUITests" */;
			buildPhases = (
				219884D32A74EEC1004A5643 /* Sources */,
				219884D42A74EEC1004A5643 /* Frameworks */,
				219884D52A74EEC1004A5643 /* Resources */,
			);
			buildRules = (
			);
			dependencies = (
				219884D92A74EEC1004A5643 /* PBXTargetDependency */,
			);
			name = "gymtracker Watch AppUITests";
			productName = "gymtracker Watch AppUITests";
			productReference = 219884D72A74EEC1004A5643 /* gymtracker Watch AppUITests.xctest */;
			productType = "com.apple.product-type.bundle.ui-testing";
		};
/* End PBXNativeTarget section */

/* Begin PBXProject section */
		219884AF2A74EEBF004A5643 /* Project object */ = {
			isa = PBXProject;
			attributes = {
				BuildIndependentTargetsInParallel = 1;
				LastSwiftUpdateCheck = 1430;
				LastUpgradeCheck = 1430;
				TargetAttributes = {
					219884B42A74EEBF004A5643 = {
						CreatedOnToolsVersion = 14.3.1;
					};
					219884BA2A74EEBF004A5643 = {
						CreatedOnToolsVersion = 14.3.1;
					};
					219884CC2A74EEC1004A5643 = {
						CreatedOnToolsVersion = 14.3.1;
						TestTargetID = 219884BA2A74EEBF004A5643;
					};
					219884D62A74EEC1004A5643 = {
						CreatedOnToolsVersion = 14.3.1;
						TestTargetID = 219884BA2A74EEBF004A5643;
					};
				};
			};
			buildConfigurationList = 219884B22A74EEBF004A5643 /* Build configuration list for PBXProject "gymtracker" */;
			compatibilityVersion = "Xcode 14.0";
			developmentRegion = en;
			hasScannedForEncodings = 0;
			knownRegions = (
				en,
				Base,
			);
			mainGroup = 219884AE2A74EEBF004A5643;
			productRefGroup = 219884B62A74EEBF004A5643 /* Products */;
			projectDirPath = "";
			projectRoot = "";
			targets = (
				219884B42A74EEBF004A5643 /* gymtracker */,
				219884BA2A74EEBF004A5643 /* gymtracker Watch App */,
				219884CC2A74EEC1004A5643 /* gymtracker Watch AppTests */,
				219884D62A74EEC1004A5643 /* gymtracker Watch AppUITests */,
			);
		};
/* End PBXProject section */

/* Begin PBXResourcesBuildPhase section */
		219884B32A74EEBF004A5643 /* Resources */ = {
			isa = PBXResourcesBuildPhase;
			buildActionMask = 2147483647;
			files = (
			);
			runOnlyForDeploymentPostprocessing = 0;
		};
		219884B92A74EEBF004A5643 /* Resources */ = {
			isa = PBXResourcesBuildPhase;
			buildActionMask = 2147483647;
			files = (
				219884C82A74EEC1004A5643 /* Preview Assets.xcassets in Resources */,
				219884C52A74EEC1004A5643 /* Assets.xcassets in Resources */,
			);
			runOnlyForDeploymentPostprocessing = 0;
		};
		219884CB2A74EEC1004A5643 /* Resources */ = {
			isa = PBXResourcesBuildPhase;
			buildActionMask = 2147483647;
			files = (
			);
			runOnlyForDeploymentPostprocessing = 0;
		};
		219884D52A74EEC1004A5643 /* Resources */ = {
			isa = PBXResourcesBuildPhase;
			buildActionMask = 2147483647;
			files = (
			);
			runOnlyForDeploymentPostprocessing = 0;
		};
/* End PBXResourcesBuildPhase section */

/* Begin PBXSourcesBuildPhase section */
		219884B72A74EEBF004A5643 /* Sources */ = {
			isa = PBXSourcesBuildPhase;
			buildActionMask = 2147483647;
			files = (
				219884C32A74EEBF004A5643 /* ContentView.swift in Sources */,
				219884C12A74EEBF004A5643 /* gymtrackerApp.swift in Sources */,
				219884F22A77D6A8004A5643 /* Note.swift in Sources */,
			);
			runOnlyForDeploymentPostprocessing = 0;
		};
		219884C92A74EEC1004A5643 /* Sources */ = {
			isa = PBXSourcesBuildPhase;
			buildActionMask = 2147483647;
			files = (
				219884D22A74EEC1004A5643 /* gymtracker_Watch_AppTests.swift in Sources */,
			);
			runOnlyForDeploymentPostprocessing = 0;
		};
		219884D32A74EEC1004A5643 /* Sources */ = {
			isa = PBXSourcesBuildPhase;
			buildActionMask = 2147483647;
			files = (
				219884DC2A74EEC1004A5643 /* gymtracker_Watch_AppUITests.swift in Sources */,
				219884DE2A74EEC1004A5643 /* gymtracker_Watch_AppUITestsLaunchTests.swift in Sources */,
			);
			runOnlyForDeploymentPostprocessing = 0;
		};
/* End PBXSourcesBuildPhase section */

/* Begin PBXTargetDependency section */
		219884BE2A74EEBF004A5643 /* PBXTargetDependency */ = {
			isa = PBXTargetDependency;
			target = 219884BA2A74EEBF004A5643 /* gymtracker Watch App */;
			targetProxy = 219884BD2A74EEBF004A5643 /* PBXContainerItemProxy */;
		};
		219884CF2A74EEC1004A5643 /* PBXTargetDependency */ = {
			isa = PBXTargetDependency;
			target = 219884BA2A74EEBF004A5643 /* gymtracker Watch App */;
			targetProxy = 219884CE2A74EEC1004A5643 /* PBXContainerItemProxy */;
		};
		219884D92A74EEC1004A5643 /* PBXTargetDependency */ = {
			isa = PBXTargetDependency;
			target = 219884BA2A74EEBF004A5643 /* gymtracker Watch App */;
			targetProxy = 219884D82A74EEC1004A5643 /* PBXContainerItemProxy */;
		};
/* End PBXTargetDependency section */

/* Begin XCBuildConfiguration section */
		219884DF2A74EEC1004A5643 /* Debug */ = {
			isa = XCBuildConfiguration;
			buildSettings = {
				ALWAYS_SEARCH_USER_PATHS = NO;
				CLANG_ANALYZER_NONNULL = YES;
				CLANG_ANALYZER_NUMBER_OBJECT_CONVERSION = YES_AGGRESSIVE;
				CLANG_CXX_LANGUAGE_STANDARD = "gnu++20";
				CLANG_ENABLE_MODULES = YES;
				CLANG_ENABLE_OBJC_ARC = YES;
				CLANG_ENABLE_OBJC_WEAK = YES;
				CLANG_WARN_BLOCK_CAPTURE_AUTORELEASING = YES;
				CLANG_WARN_BOOL_CONVERSION = YES;
				CLANG_WARN_COMMA = YES;
				CLANG_WARN_CONSTANT_CONVERSION = YES;
				CLANG_WARN_DEPRECATED_OBJC_IMPLEMENTATIONS = YES;
				CLANG_WARN_DIRECT_OBJC_ISA_USAGE = YES_ERROR;
				CLANG_WARN_DOCUMENTATION_COMMENTS = YES;
				CLANG_WARN_EMPTY_BODY = YES;
				CLANG_WARN_ENUM_CONVERSION = YES;
				CLANG_WARN_INFINITE_RECURSION = YES;
				CLANG_WARN_INT_CONVERSION = YES;
				CLANG_WARN_NON_LITERAL_NULL_CONVERSION = YES;
				CLANG_WARN_OBJC_IMPLICIT_RETAIN_SELF = YES;
				CLANG_WARN_OBJC_LITERAL_CONVERSION = YES;
				CLANG_WARN_OBJC_ROOT_CLASS = YES_ERROR;
				CLANG_WARN_QUOTED_INCLUDE_IN_FRAMEWORK_HEADER = YES;
				CLANG_WARN_RANGE_LOOP_ANALYSIS = YES;
				CLANG_WARN_STRICT_PROTOTYPES = YES;
				CLANG_WARN_SUSPICIOUS_MOVE = YES;
				CLANG_WARN_UNGUARDED_AVAILABILITY = YES_AGGRESSIVE;
				CLANG_WARN_UNREACHABLE_CODE = YES;
				CLANG_WARN__DUPLICATE_METHOD_MATCH = YES;
				COPY_PHASE_STRIP = NO;
				DEBUG_INFORMATION_FORMAT = dwarf;
				ENABLE_STRICT_OBJC_MSGSEND = YES;
				ENABLE_TESTABILITY = YES;
				GCC_C_LANGUAGE_STANDARD = gnu11;
				GCC_DYNAMIC_NO_PIC = NO;
				GCC_NO_COMMON_BLOCKS = YES;
				GCC_OPTIMIZATION_LEVEL = 0;
				GCC_PREPROCESSOR_DEFINITIONS = (
					"DEBUG=1",
					"$(inherited)",
				);
				GCC_WARN_64_TO_32_BIT_CONVERSION = YES;
				GCC_WARN_ABOUT_RETURN_TYPE = YES_ERROR;
				GCC_WARN_UNDECLARED_SELECTOR = YES;
				GCC_WARN_UNINITIALIZED_AUTOS = YES_AGGRESSIVE;
				GCC_WARN_UNUSED_FUNCTION = YES;
				GCC_WARN_UNUSED_VARIABLE = YES;
				MTL_ENABLE_DEBUG_INFO = INCLUDE_SOURCE;
				MTL_FAST_MATH = YES;
				ONLY_ACTIVE_ARCH = YES;
				SWIFT_ACTIVE_COMPILATION_CONDITIONS = DEBUG;
				SWIFT_OPTIMIZATION_LEVEL = "-Onone";
			};
			name = Debug;
		};
		219884E02A74EEC1004A5643 /* Release */ = {
			isa = XCBuildConfiguration;
			buildSettings = {
				ALWAYS_SEARCH_USER_PATHS = NO;
				CLANG_ANALYZER_NONNULL = YES;
				CLANG_ANALYZER_NUMBER_OBJECT_CONVERSION = YES_AGGRESSIVE;
				CLANG_CXX_LANGUAGE_STANDARD = "gnu++20";
				CLANG_ENABLE_MODULES = YES;
				CLANG_ENABLE_OBJC_ARC = YES;
				CLANG_ENABLE_OBJC_WEAK = YES;
				CLANG_WARN_BLOCK_CAPTURE_AUTORELEASING = YES;
				CLANG_WARN_BOOL_CONVERSION = YES;
				CLANG_WARN_COMMA = YES;
				CLANG_WARN_CONSTANT_CONVERSION = YES;
				CLANG_WARN_DEPRECATED_OBJC_IMPLEMENTATIONS = YES;
				CLANG_WARN_DIRECT_OBJC_ISA_USAGE = YES_ERROR;
				CLANG_WARN_DOCUMENTATION_COMMENTS = YES;
				CLANG_WARN_EMPTY_BODY = YES;
				CLANG_WARN_ENUM_CONVERSION = YES;
				CLANG_WARN_INFINITE_RECURSION = YES;
				CLANG_WARN_INT_CONVERSION = YES;
				CLANG_WARN_NON_LITERAL_NULL_CONVERSION = YES;
				CLANG_WARN_OBJC_IMPLICIT_RETAIN_SELF = YES;
				CLANG_WARN_OBJC_LITERAL_CONVERSION = YES;
				CLANG_WARN_OBJC_ROOT_CLASS = YES_ERROR;
				CLANG_WARN_QUOTED_INCLUDE_IN_FRAMEWORK_HEADER = YES;
				CLANG_WARN_RANGE_LOOP_ANALYSIS = YES;
				CLANG_WARN_STRICT_PROTOTYPES = YES;
				CLANG_WARN_SUSPICIOUS_MOVE = YES;
				CLANG_WARN_UNGUARDED_AVAILABILITY = YES_AGGRESSIVE;
				CLANG_WARN_UNREACHABLE_CODE = YES;
				CLANG_WARN__DUPLICATE_METHOD_MATCH = YES;
				COPY_PHASE_STRIP = NO;
				DEBUG_INFORMATION_FORMAT = "dwarf-with-dsym";
				ENABLE_NS_ASSERTIONS = NO;
				ENABLE_STRICT_OBJC_MSGSEND = YES;
				GCC_C_LANGUAGE_STANDARD = gnu11;
				GCC_NO_COMMON_BLOCKS = YES;
				GCC_WARN_64_TO_32_BIT_CONVERSION = YES;
				GCC_WARN_ABOUT_RETURN_TYPE = YES_ERROR;
				GCC_WARN_UNDECLARED_SELECTOR = YES;
				GCC_WARN_UNINITIALIZED_AUTOS = YES_AGGRESSIVE;
				GCC_WARN_UNUSED_FUNCTION = YES;
				GCC_WARN_UNUSED_VARIABLE = YES;
				MTL_ENABLE_DEBUG_INFO = NO;
				MTL_FAST_MATH = YES;
				SWIFT_COMPILATION_MODE = wholemodule;
				SWIFT_OPTIMIZATION_LEVEL = "-O";
			};
			name = Release;
		};
		219884E22A74EEC1004A5643 /* Debug */ = {
			isa = XCBuildConfiguration;
			buildSettings = {
				ASSETCATALOG_COMPILER_APPICON_NAME = AppIcon;
				ASSETCATALOG_COMPILER_GLOBAL_ACCENT_COLOR_NAME = AccentColor;
				CODE_SIGN_STYLE = Automatic;
				CURRENT_PROJECT_VERSION = 1;
				DEVELOPMENT_ASSET_PATHS = "\"gymtracker Watch App/Preview Content\"";
				DEVELOPMENT_TEAM = EPP922YDCC;
				ENABLE_PREVIEWS = YES;
				GENERATE_INFOPLIST_FILE = YES;
				INFOPLIST_KEY_CFBundleDisplayName = gymtracker;
				INFOPLIST_KEY_UISupportedInterfaceOrientations = "UIInterfaceOrientationPortrait UIInterfaceOrientationPortraitUpsideDown";
				INFOPLIST_KEY_WKWatchOnly = YES;
				LD_RUNPATH_SEARCH_PATHS = (
					"$(inherited)",
					"@executable_path/Frameworks",
				);
				MARKETING_VERSION = 1.0;
				PRODUCT_BUNDLE_IDENTIFIER = katt.gymtracker.watchkitapp;
				PRODUCT_NAME = "$(TARGET_NAME)";
				SDKROOT = watchos;
				SKIP_INSTALL = YES;
				SWIFT_EMIT_LOC_STRINGS = YES;
				SWIFT_VERSION = 5.0;
				TARGETED_DEVICE_FAMILY = 4;
				WATCHOS_DEPLOYMENT_TARGET = 9.4;
			};
			name = Debug;
		};
		219884E32A74EEC1004A5643 /* Release */ = {
			isa = XCBuildConfiguration;
			buildSettings = {
				ASSETCATALOG_COMPILER_APPICON_NAME = AppIcon;
				ASSETCATALOG_COMPILER_GLOBAL_ACCENT_COLOR_NAME = AccentColor;
				CODE_SIGN_STYLE = Automatic;
				CURRENT_PROJECT_VERSION = 1;
				DEVELOPMENT_ASSET_PATHS = "\"gymtracker Watch App/Preview Content\"";
				DEVELOPMENT_TEAM = EPP922YDCC;
				ENABLE_PREVIEWS = YES;
				GENERATE_INFOPLIST_FILE = YES;
				INFOPLIST_KEY_CFBundleDisplayName = gymtracker;
				INFOPLIST_KEY_UISupportedInterfaceOrientations = "UIInterfaceOrientationPortrait UIInterfaceOrientationPortraitUpsideDown";
				INFOPLIST_KEY_WKWatchOnly = YES;
				LD_RUNPATH_SEARCH_PATHS = (
					"$(inherited)",
					"@executable_path/Frameworks",
				);
				MARKETING_VERSION = 1.0;
				PRODUCT_BUNDLE_IDENTIFIER = katt.gymtracker.watchkitapp;
				PRODUCT_NAME = "$(TARGET_NAME)";
				SDKROOT = watchos;
				SKIP_INSTALL = YES;
				SWIFT_EMIT_LOC_STRINGS = YES;
				SWIFT_VERSION = 5.0;
				TARGETED_DEVICE_FAMILY = 4;
				VALIDATE_PRODUCT = YES;
				WATCHOS_DEPLOYMENT_TARGET = 9.4;
			};
			name = Release;
		};
		219884E62A74EEC1004A5643 /* Debug */ = {
			isa = XCBuildConfiguration;
			buildSettings = {
				ALWAYS_EMBED_SWIFT_STANDARD_LIBRARIES = YES;
				CODE_SIGN_STYLE = Automatic;
				CURRENT_PROJECT_VERSION = 1;
				DEVELOPMENT_TEAM = EPP922YDCC;
				INFOPLIST_KEY_CFBundleDisplayName = gymtracker;
				MARKETING_VERSION = 1.0;
				PRODUCT_BUNDLE_IDENTIFIER = katt.gymtracker;
				PRODUCT_NAME = "$(TARGET_NAME)";
				SDKROOT = iphoneos;
				SWIFT_VERSION = 5.0;
			};
			name = Debug;
		};
		219884E72A74EEC1004A5643 /* Release */ = {
			isa = XCBuildConfiguration;
			buildSettings = {
				ALWAYS_EMBED_SWIFT_STANDARD_LIBRARIES = YES;
				CODE_SIGN_STYLE = Automatic;
				CURRENT_PROJECT_VERSION = 1;
				DEVELOPMENT_TEAM = EPP922YDCC;
				INFOPLIST_KEY_CFBundleDisplayName = gymtracker;
				MARKETING_VERSION = 1.0;
				PRODUCT_BUNDLE_IDENTIFIER = katt.gymtracker;
				PRODUCT_NAME = "$(TARGET_NAME)";
				SDKROOT = iphoneos;
				SWIFT_VERSION = 5.0;
				VALIDATE_PRODUCT = YES;
			};
			name = Release;
		};
		219884E92A74EEC1004A5643 /* Debug */ = {
			isa = XCBuildConfiguration;
			buildSettings = {
				ALWAYS_EMBED_SWIFT_STANDARD_LIBRARIES = YES;
				BUNDLE_LOADER = "$(TEST_HOST)";
				CODE_SIGN_STYLE = Automatic;
				CURRENT_PROJECT_VERSION = 1;
				DEVELOPMENT_TEAM = EPP922YDCC;
				GENERATE_INFOPLIST_FILE = YES;
				MARKETING_VERSION = 1.0;
				PRODUCT_BUNDLE_IDENTIFIER = "katt.gymtracker-Watch-AppTests";
				PRODUCT_NAME = "$(TARGET_NAME)";
				SDKROOT = watchos;
				SWIFT_EMIT_LOC_STRINGS = NO;
				SWIFT_VERSION = 5.0;
				TARGETED_DEVICE_FAMILY = 4;
				TEST_HOST = "$(BUILT_PRODUCTS_DIR)/gymtracker Watch App.app/$(BUNDLE_EXECUTABLE_FOLDER_PATH)/gymtracker Watch App";
				WATCHOS_DEPLOYMENT_TARGET = 9.4;
			};
			name = Debug;
		};
		219884EA2A74EEC1004A5643 /* Release */ = {
			isa = XCBuildConfiguration;
			buildSettings = {
				ALWAYS_EMBED_SWIFT_STANDARD_LIBRARIES = YES;
				BUNDLE_LOADER = "$(TEST_HOST)";
				CODE_SIGN_STYLE = Automatic;
				CURRENT_PROJECT_VERSION = 1;
				DEVELOPMENT_TEAM = EPP922YDCC;
				GENERATE_INFOPLIST_FILE = YES;
				MARKETING_VERSION = 1.0;
				PRODUCT_BUNDLE_IDENTIFIER = "katt.gymtracker-Watch-AppTests";
				PRODUCT_NAME = "$(TARGET_NAME)";
				SDKROOT = watchos;
				SWIFT_EMIT_LOC_STRINGS = NO;
				SWIFT_VERSION = 5.0;
				TARGETED_DEVICE_FAMILY = 4;
				TEST_HOST = "$(BUILT_PRODUCTS_DIR)/gymtracker Watch App.app/$(BUNDLE_EXECUTABLE_FOLDER_PATH)/gymtracker Watch App";
				VALIDATE_PRODUCT = YES;
				WATCHOS_DEPLOYMENT_TARGET = 9.4;
			};
			name = Release;
		};
		219884EC2A74EEC1004A5643 /* Debug */ = {
			isa = XCBuildConfiguration;
			buildSettings = {
				ALWAYS_EMBED_SWIFT_STANDARD_LIBRARIES = YES;
				CODE_SIGN_STYLE = Automatic;
				CURRENT_PROJECT_VERSION = 1;
				DEVELOPMENT_TEAM = EPP922YDCC;
				GENERATE_INFOPLIST_FILE = YES;
				MARKETING_VERSION = 1.0;
				PRODUCT_BUNDLE_IDENTIFIER = "katt.gymtracker-Watch-AppUITests";
				PRODUCT_NAME = "$(TARGET_NAME)";
				SDKROOT = watchos;
				SWIFT_EMIT_LOC_STRINGS = NO;
				SWIFT_VERSION = 5.0;
				TARGETED_DEVICE_FAMILY = 4;
				TEST_TARGET_NAME = "gymtracker Watch App";
				WATCHOS_DEPLOYMENT_TARGET = 9.4;
			};
			name = Debug;
		};
		219884ED2A74EEC1004A5643 /* Release */ = {
			isa = XCBuildConfiguration;
			buildSettings = {
				ALWAYS_EMBED_SWIFT_STANDARD_LIBRARIES = YES;
				CODE_SIGN_STYLE = Automatic;
				CURRENT_PROJECT_VERSION = 1;
				DEVELOPMENT_TEAM = EPP922YDCC;
				GENERATE_INFOPLIST_FILE = YES;
				MARKETING_VERSION = 1.0;
				PRODUCT_BUNDLE_IDENTIFIER = "katt.gymtracker-Watch-AppUITests";
				PRODUCT_NAME = "$(TARGET_NAME)";
				SDKROOT = watchos;
				SWIFT_EMIT_LOC_STRINGS = NO;
				SWIFT_VERSION = 5.0;
				TARGETED_DEVICE_FAMILY = 4;
				TEST_TARGET_NAME = "gymtracker Watch App";
				VALIDATE_PRODUCT = YES;
				WATCHOS_DEPLOYMENT_TARGET = 9.4;
			};
			name = Release;
		};
/* End XCBuildConfiguration section */

/* Begin XCConfigurationList section */
		219884B22A74EEBF004A5643 /* Build configuration list for PBXProject "gymtracker" */ = {
			isa = XCConfigurationList;
			buildConfigurations = (
				219884DF2A74EEC1004A5643 /* Debug */,
				219884E02A74EEC1004A5643 /* Release */,
			);
			defaultConfigurationIsVisible = 0;
			defaultConfigurationName = Release;
		};
		219884E12A74EEC1004A5643 /* Build configuration list for PBXNativeTarget "gymtracker Watch App" */ = {
			isa = XCConfigurationList;
			buildConfigurations = (
				219884E22A74EEC1004A5643 /* Debug */,
				219884E32A74EEC1004A5643 /* Release */,
			);
			defaultConfigurationIsVisible = 0;
			defaultConfigurationName = Release;
		};
		219884E52A74EEC1004A5643 /* Build configuration list for PBXNativeTarget "gymtracker" */ = {
			isa = XCConfigurationList;
			buildConfigurations = (
				219884E62A74EEC1004A5643 /* Debug */,
				219884E72A74EEC1004A5643 /* Release */,
			);
			defaultConfigurationIsVisible = 0;
			defaultConfigurationName = Release;
		};
		219884E82A74EEC1004A5643 /* Build configuration list for PBXNativeTarget "gymtracker Watch AppTests" */ = {
			isa = XCConfigurationList;
			buildConfigurations = (
				219884E92A74EEC1004A5643 /* Debug */,
				219884EA2A74EEC1004A5643 /* Release */,
			);
			defaultConfigurationIsVisible = 0;
			defaultConfigurationName = Release;
		};
		219884EB2A74EEC1004A5643 /* Build configuration list for PBXNativeTarget "gymtracker Watch AppUITests" */ = {
			isa = XCConfigurationList;
			buildConfigurations = (
				219884EC2A74EEC1004A5643 /* Debug */,
				219884ED2A74EEC1004A5643 /* Release */,
			);
			defaultConfigurationIsVisible = 0;
			defaultConfigurationName = Release;
		};
/* End XCConfigurationList section */
	};
	rootObject = 219884AF2A74EEBF004A5643 /* Project object */;
}
